
Microsoft Visual Studio Solution File, Format Version 12.00
# Visual Studio Version 17
VisualStudioVersion = 17.11.35312.102
MinimumVisualStudioVersion = 10.0.40219.1
Project("{FAE04EC0-301F-11D3-BF4B-00C04F79EFBC}") = "ConsoleApp", "ConsoleApp\ConsoleApp.csproj", "{11E1E74A-15DC-4A62-910C-276D93C01FB2}"
EndProject
Global
	GlobalSection(SolutionConfigurationPlatforms) = preSolution
		Debug|Any CPU = Debug|Any CPU
		Release|Any CPU = Release|Any CPU
	EndGlobalSection
	GlobalSection(ProjectConfigurationPlatforms) = postSolution
		{11E1E74A-15DC-4A62-910C-276D93C01FB2}.Debug|Any CPU.ActiveCfg = Debug|Any CPU
		{11E1E74A-15DC-4A62-910C-276D93C01FB2}.Debug|Any CPU.Build.0 = Debug|Any CPU
		{11E1E74A-15DC-4A62-910C-276D93C01FB2}.Release|Any CPU.ActiveCfg = Release|Any CPU
		{11E1E74A-15DC-4A62-910C-276D93C01FB2}.Release|Any CPU.Build.0 = Release|Any CPU
	EndGlobalSection
	GlobalSection(SolutionProperties) = preSolution
		HideSolutionNode = FALSE
	EndGlobalSection
	GlobalSection(ExtensibilityGlobals) = postSolution
		SolutionGuid = {3E527B49-C246-48BB-A0AB-214607CEB24F}
	EndGlobalSection
EndGlobal
